
Microsoft Visual Studio Solution File, Format Version 12.00
# Visual Studio Version 16
VisualStudioVersion = 16.0.30413.136
MinimumVisualStudioVersion = 10.0.40219.1
Project("{9A19103F-16F7-4668-BE54-9A1E7A4F7556}") = "ShenDa.SSM.Client", "ShenDa.SSM.Client\ShenDa.SSM.Client.csproj", "{3630D498-BFB1-4448-B67B-4DDABA921B5E}"
EndProject
Project("{9A19103F-16F7-4668-BE54-9A1E7A4F7556}") = "ShenDa.SSM.Common", "ShenDa.SSM.Common\ShenDa.SSM.Common.csproj", "{0347CD2C-00A3-4E45-A7C6-08A58382C514}"
EndProject
Project("{FAE04EC0-301F-11D3-BF4B-00C04F79EFBC}") = "ShenDa.SSM.Console", "ShenDa.SSM.Console\ShenDa.SSM.Console.csproj", "{E418CE69-AF45-4762-8FFB-7787F772FDAC}"
EndProject
Global
	GlobalSection(SolutionConfigurationPlatforms) = preSolution
		Debug|Any CPU = Debug|Any CPU
		Release|Any CPU = Release|Any CPU
	EndGlobalSection
	GlobalSection(ProjectConfigurationPlatforms) = postSolution
		{3630D498-BFB1-4448-B67B-4DDABA921B5E}.Debug|Any CPU.ActiveCfg = Debug|Any CPU
		{3630D498-BFB1-4448-B67B-4DDABA921B5E}.Debug|Any CPU.Build.0 = Debug|Any CPU
		{3630D498-BFB1-4448-B67B-4DDABA921B5E}.Release|Any CPU.ActiveCfg = Release|Any CPU
		{3630D498-BFB1-4448-B67B-4DDABA921B5E}.Release|Any CPU.Build.0 = Release|Any CPU
		{0347CD2C-00A3-4E45-A7C6-08A58382C514}.Debug|Any CPU.ActiveCfg = Debug|Any CPU
		{0347CD2C-00A3-4E45-A7C6-08A58382C514}.Debug|Any CPU.Build.0 = Debug|Any CPU
		{0347CD2C-00A3-4E45-A7C6-08A58382C514}.Release|Any CPU.ActiveCfg = Release|Any CPU
		{0347CD2C-00A3-4E45-A7C6-08A58382C514}.Release|Any CPU.Build.0 = Release|Any CPU
		{E418CE69-AF45-4762-8FFB-7787F772FDAC}.Debug|Any CPU.ActiveCfg = Debug|Any CPU
		{E418CE69-AF45-4762-8FFB-7787F772FDAC}.Debug|Any CPU.Build.0 = Debug|Any CPU
		{E418CE69-AF45-4762-8FFB-7787F772FDAC}.Release|Any CPU.ActiveCfg = Release|Any CPU
		{E418CE69-AF45-4762-8FFB-7787F772FDAC}.Release|Any CPU.Build.0 = Release|Any CPU
	EndGlobalSection
	GlobalSection(SolutionProperties) = preSolution
		HideSolutionNode = FALSE
	EndGlobalSection
	GlobalSection(ExtensibilityGlobals) = postSolution
		SolutionGuid = {852E76BC-8B1B-4E4D-A457-FDB64ABBC752}
	EndGlobalSection
EndGlobal
