
Microsoft Visual Studio Solution File, Format Version 12.00
# Visual Studio Version 17
VisualStudioVersion = 17.0.32002.185
MinimumVisualStudioVersion = 10.0.40219.1
Project("{9A19103F-16F7-4668-BE54-9A1E7A4F7556}") = "WindowServer.TopShelf", "WindowServer\WindowServer.TopSelf\WindowServer.TopShelf.csproj", "{469CA5C3-2C33-4917-B857-5C629907738C}"
EndProject
Project("{9A19103F-16F7-4668-BE54-9A1E7A4F7556}") = "WindowServer.WorkerService", "WindowServer\WindowServer.WorkerService\WindowServer.WorkerService.csproj", "{5FDB2C4C-768B-4B07-B1A6-225D80C6F108}"
EndProject
Project("{9A19103F-16F7-4668-BE54-9A1E7A4F7556}") = "WindowServer.Services", "WindowServer\WindowServer.Services\WindowServer.Services.csproj", "{C766733D-7A41-441A-AC5D-C6C956150ABC}"
EndProject
Project("{2150E333-8FDC-42A3-9474-1A3956D46DE8}") = "后台服务", "后台服务", "{F45D3451-36F2-4950-8F9C-9DDDAA9B6B64}"
EndProject
Project("{2150E333-8FDC-42A3-9474-1A3956D46DE8}") = "RabbitMQ", "RabbitMQ", "{C3111113-B893-41F8-B61B-BE01C83EEE9D}"
EndProject
Project("{9A19103F-16F7-4668-BE54-9A1E7A4F7556}") = "RabbitMQSender", "RabbitMQSender\RabbitMQSender.csproj", "{D4116154-9A0B-483D-9906-F65A94341EF9}"
EndProject
Project("{9A19103F-16F7-4668-BE54-9A1E7A4F7556}") = "RabbitMQReceiver", "RabbitMQReceiver\RabbitMQReceiver.csproj", "{B01A080B-85F5-4AE0-A27A-D5F3B9355874}"
EndProject
Project("{9A19103F-16F7-4668-BE54-9A1E7A4F7556}") = "ExpressionExam", "ExpressionExam\ExpressionExam.csproj", "{718F905E-96A0-4C0D-B2D0-3FF61C292E5C}"
EndProject
Project("{2150E333-8FDC-42A3-9474-1A3956D46DE8}") = "ElasticSearch", "ElasticSearch", "{C7D09B95-5ADE-4346-9CB7-3CBD147FD368}"
EndProject
Project("{9A19103F-16F7-4668-BE54-9A1E7A4F7556}") = "Es", "Es\Es.csproj", "{9EB73A5A-A70C-4C8A-B2FC-0B79C5FBE902}"
EndProject
Project("{2150E333-8FDC-42A3-9474-1A3956D46DE8}") = "Id4", "Id4", "{57693F97-1542-4773-B143-E8F7C5825B17}"
EndProject
Project("{9A19103F-16F7-4668-BE54-9A1E7A4F7556}") = "Authorization.IdentityServer", "Authorization.IdentityServer\Authorization.IdentityServer.csproj", "{540AA133-EF78-4686-961E-571E57C61EDB}"
EndProject
Project("{9A19103F-16F7-4668-BE54-9A1E7A4F7556}") = "MyClient", "MyClient\MyClient.csproj", "{5D55D984-360E-4547-AC88-AC914C8CBBF9}"
EndProject
Project("{9A19103F-16F7-4668-BE54-9A1E7A4F7556}") = "WebApiResource", "WebApiResource\WebApiResource.csproj", "{EF58F279-E0BC-464C-BCDC-6329738FBDBD}"
EndProject
Project("{2150E333-8FDC-42A3-9474-1A3956D46DE8}") = "基础知识", "基础知识", "{486B24E4-90B4-4B73-A95D-00C5F91A7CF2}"
EndProject
Project("{FAE04EC0-301F-11D3-BF4B-00C04F79EFBC}") = "Basic", "Basic\Basic.csproj", "{E9EAA313-D091-430C-8800-3A28A3E32CB7}"
EndProject
Global
	GlobalSection(SolutionConfigurationPlatforms) = preSolution
		Debug|Any CPU = Debug|Any CPU
		Release|Any CPU = Release|Any CPU
	EndGlobalSection
	GlobalSection(ProjectConfigurationPlatforms) = postSolution
		{469CA5C3-2C33-4917-B857-5C629907738C}.Debug|Any CPU.ActiveCfg = Debug|Any CPU
		{469CA5C3-2C33-4917-B857-5C629907738C}.Debug|Any CPU.Build.0 = Debug|Any CPU
		{469CA5C3-2C33-4917-B857-5C629907738C}.Release|Any CPU.ActiveCfg = Release|Any CPU
		{469CA5C3-2C33-4917-B857-5C629907738C}.Release|Any CPU.Build.0 = Release|Any CPU
		{5FDB2C4C-768B-4B07-B1A6-225D80C6F108}.Debug|Any CPU.ActiveCfg = Debug|Any CPU
		{5FDB2C4C-768B-4B07-B1A6-225D80C6F108}.Debug|Any CPU.Build.0 = Debug|Any CPU
		{5FDB2C4C-768B-4B07-B1A6-225D80C6F108}.Release|Any CPU.ActiveCfg = Release|Any CPU
		{5FDB2C4C-768B-4B07-B1A6-225D80C6F108}.Release|Any CPU.Build.0 = Release|Any CPU
		{C766733D-7A41-441A-AC5D-C6C956150ABC}.Debug|Any CPU.ActiveCfg = Debug|Any CPU
		{C766733D-7A41-441A-AC5D-C6C956150ABC}.Debug|Any CPU.Build.0 = Debug|Any CPU
		{C766733D-7A41-441A-AC5D-C6C956150ABC}.Release|Any CPU.ActiveCfg = Release|Any CPU
		{C766733D-7A41-441A-AC5D-C6C956150ABC}.Release|Any CPU.Build.0 = Release|Any CPU
		{D4116154-9A0B-483D-9906-F65A94341EF9}.Debug|Any CPU.ActiveCfg = Debug|Any CPU
		{D4116154-9A0B-483D-9906-F65A94341EF9}.Debug|Any CPU.Build.0 = Debug|Any CPU
		{D4116154-9A0B-483D-9906-F65A94341EF9}.Release|Any CPU.ActiveCfg = Release|Any CPU
		{D4116154-9A0B-483D-9906-F65A94341EF9}.Release|Any CPU.Build.0 = Release|Any CPU
		{B01A080B-85F5-4AE0-A27A-D5F3B9355874}.Debug|Any CPU.ActiveCfg = Debug|Any CPU
		{B01A080B-85F5-4AE0-A27A-D5F3B9355874}.Debug|Any CPU.Build.0 = Debug|Any CPU
		{B01A080B-85F5-4AE0-A27A-D5F3B9355874}.Release|Any CPU.ActiveCfg = Release|Any CPU
		{B01A080B-85F5-4AE0-A27A-D5F3B9355874}.Release|Any CPU.Build.0 = Release|Any CPU
		{718F905E-96A0-4C0D-B2D0-3FF61C292E5C}.Debug|Any CPU.ActiveCfg = Debug|Any CPU
		{718F905E-96A0-4C0D-B2D0-3FF61C292E5C}.Debug|Any CPU.Build.0 = Debug|Any CPU
		{718F905E-96A0-4C0D-B2D0-3FF61C292E5C}.Release|Any CPU.ActiveCfg = Release|Any CPU
		{718F905E-96A0-4C0D-B2D0-3FF61C292E5C}.Release|Any CPU.Build.0 = Release|Any CPU
		{9EB73A5A-A70C-4C8A-B2FC-0B79C5FBE902}.Debug|Any CPU.ActiveCfg = Debug|Any CPU
		{9EB73A5A-A70C-4C8A-B2FC-0B79C5FBE902}.Debug|Any CPU.Build.0 = Debug|Any CPU
		{9EB73A5A-A70C-4C8A-B2FC-0B79C5FBE902}.Release|Any CPU.ActiveCfg = Release|Any CPU
		{9EB73A5A-A70C-4C8A-B2FC-0B79C5FBE902}.Release|Any CPU.Build.0 = Release|Any CPU
		{540AA133-EF78-4686-961E-571E57C61EDB}.Debug|Any CPU.ActiveCfg = Debug|Any CPU
		{540AA133-EF78-4686-961E-571E57C61EDB}.Debug|Any CPU.Build.0 = Debug|Any CPU
		{540AA133-EF78-4686-961E-571E57C61EDB}.Release|Any CPU.ActiveCfg = Release|Any CPU
		{540AA133-EF78-4686-961E-571E57C61EDB}.Release|Any CPU.Build.0 = Release|Any CPU
		{5D55D984-360E-4547-AC88-AC914C8CBBF9}.Debug|Any CPU.ActiveCfg = Debug|Any CPU
		{5D55D984-360E-4547-AC88-AC914C8CBBF9}.Debug|Any CPU.Build.0 = Debug|Any CPU
		{5D55D984-360E-4547-AC88-AC914C8CBBF9}.Release|Any CPU.ActiveCfg = Release|Any CPU
		{5D55D984-360E-4547-AC88-AC914C8CBBF9}.Release|Any CPU.Build.0 = Release|Any CPU
		{EF58F279-E0BC-464C-BCDC-6329738FBDBD}.Debug|Any CPU.ActiveCfg = Debug|Any CPU
		{EF58F279-E0BC-464C-BCDC-6329738FBDBD}.Debug|Any CPU.Build.0 = Debug|Any CPU
		{EF58F279-E0BC-464C-BCDC-6329738FBDBD}.Release|Any CPU.ActiveCfg = Release|Any CPU
		{EF58F279-E0BC-464C-BCDC-6329738FBDBD}.Release|Any CPU.Build.0 = Release|Any CPU
		{E9EAA313-D091-430C-8800-3A28A3E32CB7}.Debug|Any CPU.ActiveCfg = Debug|Any CPU
		{E9EAA313-D091-430C-8800-3A28A3E32CB7}.Debug|Any CPU.Build.0 = Debug|Any CPU
		{E9EAA313-D091-430C-8800-3A28A3E32CB7}.Release|Any CPU.ActiveCfg = Release|Any CPU
		{E9EAA313-D091-430C-8800-3A28A3E32CB7}.Release|Any CPU.Build.0 = Release|Any CPU
	EndGlobalSection
	GlobalSection(SolutionProperties) = preSolution
		HideSolutionNode = FALSE
	EndGlobalSection
	GlobalSection(NestedProjects) = preSolution
		{469CA5C3-2C33-4917-B857-5C629907738C} = {F45D3451-36F2-4950-8F9C-9DDDAA9B6B64}
		{5FDB2C4C-768B-4B07-B1A6-225D80C6F108} = {F45D3451-36F2-4950-8F9C-9DDDAA9B6B64}
		{C766733D-7A41-441A-AC5D-C6C956150ABC} = {F45D3451-36F2-4950-8F9C-9DDDAA9B6B64}
		{D4116154-9A0B-483D-9906-F65A94341EF9} = {C3111113-B893-41F8-B61B-BE01C83EEE9D}
		{B01A080B-85F5-4AE0-A27A-D5F3B9355874} = {C3111113-B893-41F8-B61B-BE01C83EEE9D}
		{9EB73A5A-A70C-4C8A-B2FC-0B79C5FBE902} = {C7D09B95-5ADE-4346-9CB7-3CBD147FD368}
		{540AA133-EF78-4686-961E-571E57C61EDB} = {57693F97-1542-4773-B143-E8F7C5825B17}
		{5D55D984-360E-4547-AC88-AC914C8CBBF9} = {57693F97-1542-4773-B143-E8F7C5825B17}
		{EF58F279-E0BC-464C-BCDC-6329738FBDBD} = {57693F97-1542-4773-B143-E8F7C5825B17}
		{E9EAA313-D091-430C-8800-3A28A3E32CB7} = {486B24E4-90B4-4B73-A95D-00C5F91A7CF2}
	EndGlobalSection
	GlobalSection(ExtensibilityGlobals) = postSolution
		SolutionGuid = {D40FE676-F034-4BE8-A491-B1AB464244D8}
	EndGlobalSection
EndGlobal
